
Microsoft Visual Studio Solution File, Format Version 12.00
# Visual Studio 15
VisualStudioVersion = 15.0.27130.2027
MinimumVisualStudioVersion = 10.0.40219.1
Project("{FAE04EC0-301F-11D3-BF4B-00C04F79EFBC}") = "LiftoffRestaurant", "LiftoffRestaurant\LiftoffRestaurant.csproj", "{2C212D04-03AC-47E7-BD0B-C50251EAAFF7}"
EndProject
Global
	GlobalSection(SolutionConfigurationPlatforms) = preSolution
		Debug|Any CPU = Debug|Any CPU
		Release|Any CPU = Release|Any CPU
	EndGlobalSection
	GlobalSection(ProjectConfigurationPlatforms) = postSolution
		{2C212D04-03AC-47E7-BD0B-C50251EAAFF7}.Debug|Any CPU.ActiveCfg = Debug|Any CPU
		{2C212D04-03AC-47E7-BD0B-C50251EAAFF7}.Debug|Any CPU.Build.0 = Debug|Any CPU
		{2C212D04-03AC-47E7-BD0B-C50251EAAFF7}.Release|Any CPU.ActiveCfg = Release|Any CPU
		{2C212D04-03AC-47E7-BD0B-C50251EAAFF7}.Release|Any CPU.Build.0 = Release|Any CPU
	EndGlobalSection
	GlobalSection(SolutionProperties) = preSolution
		HideSolutionNode = FALSE
	EndGlobalSection
	GlobalSection(ExtensibilityGlobals) = postSolution
		SolutionGuid = {EA2549A0-78E5-4337-B25E-516076B78D19}
	EndGlobalSection
EndGlobal
